{
  "name": "eithernet",
  "version": "unspecified",
  "lockfileVersion": 3,
  "requires": true,
  "packages": {
    "": {
      "name": "eithernet",
      "version": "unspecified",
      "workspaces": [
        "packages/eithernet",
        "packages/eithernet-test",
        "packages/eithernet-test-fixtures",
        "packages/eithernet-test-fixtures-test",
        "packages/eithernet-integration-ktor",
        "packages/eithernet-integration-ktor-test",
        "packages_imported/ktor-ktor-client-core/3.3.0"
      ],
      "devDependencies": {}
    },
    "node_modules/eithernet": {
      "resolved": "packages/eithernet",
      "link": true
    },
    "node_modules/eithernet-integration-ktor": {
      "resolved": "packages/eithernet-integration-ktor",
      "link": true
    },
    "node_modules/eithernet-integration-ktor-test": {
      "resolved": "packages/eithernet-integration-ktor-test",
      "link": true
    },
    "node_modules/eithernet-test": {
      "resolved": "packages/eithernet-test",
      "link": true
    },
    "node_modules/eithernet-test-fixtures": {
      "resolved": "packages/eithernet-test-fixtures",
      "link": true
    },
    "node_modules/eithernet-test-fixtures-test": {
      "resolved": "packages/eithernet-test-fixtures-test",
      "link": true
    },
    "node_modules/ktor-ktor-client-core": {
      "resolved": "packages_imported/ktor-ktor-client-core/3.3.0",
      "link": true
    },
    "node_modules/ws": {
      "version": "8.18.3",
      "resolved": "https://registry.npmjs.org/ws/-/ws-8.18.3.tgz",
      "integrity": "sha512-PEIGCY5tSlUt50cqyMXfCzX+oOPqN0vuGqWzbcJ2xvnkzkq46oOpz7dQaTDBdfICb4N14+GARUDw2XV2N4tvzg==",
      "engines": {
        "node": ">=10.0.0"
      },
      "peerDependencies": {
        "bufferutil": "^4.0.1",
        "utf-8-validate": ">=5.0.2"
      },
      "peerDependenciesMeta": {
        "bufferutil": {
          "optional": true
        },
        "utf-8-validate": {
          "optional": true
        }
      }
    },
    "packages_imported/ktor-ktor-client-core/3.3.0": {
      "name": "ktor-ktor-client-core",
      "version": "3.3.0",
      "dependencies": {
        "ws": "8.18.3"
      },
      "devDependencies": {}
    },
    "packages/eithernet": {
      "version": "2.1.0-SNAPSHOT",
      "devDependencies": {}
    },
    "packages/eithernet-integration-ktor": {
      "version": "2.1.0-SNAPSHOT",
      "dependencies": {
        "ws": "8.18.3"
      },
      "devDependencies": {}
    },
    "packages/eithernet-integration-ktor-test": {
      "version": "2.1.0-SNAPSHOT",
      "dependencies": {
        "ws": "8.18.3"
      },
      "devDependencies": {}
    },
    "packages/eithernet-test": {
      "version": "2.1.0-SNAPSHOT",
      "devDependencies": {}
    },
    "packages/eithernet-test-fixtures": {
      "version": "2.1.0-SNAPSHOT",
      "devDependencies": {}
    },
    "packages/eithernet-test-fixtures-test": {
      "version": "2.1.0-SNAPSHOT",
      "devDependencies": {}
    }
  }
}
