{
  "name": "eithernet",
  "version": "unspecified",
  "lockfileVersion": 3,
  "requires": true,
  "packages": {
    "": {
      "name": "eithernet",
      "version": "unspecified",
      "workspaces": [
        "packages/eithernet",
        "packages/eithernet-test",
        "packages/eithernet-test-fixtures",
        "packages/eithernet-test-fixtures-test"
      ],
      "devDependencies": {}
    },
    "node_modules/eithernet": {
      "resolved": "packages/eithernet",
      "link": true
    },
    "node_modules/eithernet-test": {
      "resolved": "packages/eithernet-test",
      "link": true
    },
    "node_modules/eithernet-test-fixtures": {
      "resolved": "packages/eithernet-test-fixtures",
      "link": true
    },
    "node_modules/eithernet-test-fixtures-test": {
      "resolved": "packages/eithernet-test-fixtures-test",
      "link": true
    },
    "packages/eithernet": {
      "version": "2.1.0-SNAPSHOT",
      "devDependencies": {}
    },
    "packages/eithernet-test": {
      "version": "2.1.0-SNAPSHOT",
      "devDependencies": {}
    },
    "packages/eithernet-test-fixtures": {
      "version": "2.1.0-SNAPSHOT",
      "devDependencies": {}
    },
    "packages/eithernet-test-fixtures-test": {
      "version": "2.1.0-SNAPSHOT",
      "devDependencies": {}
    }
  }
}
